{
  "name": "wol-server",
  "version": "1.0.0",
  "lockfileVersion": 3,
  "requires": true,
  "packages": {
    "": {
      "name": "wol-server",
      "version": "1.0.0",
      "license": "MIT",
      "dependencies": {
        "json5": "^2.2.3",
        "wol": "^1.0.7"
      }
    },
    "node_modules/json5": {
      "version": "2.2.3",
      "resolved": "https://registry.npmjs.org/json5/-/json5-2.2.3.tgz",
      "integrity": "sha512-XmOWe7eyHYH14cLdVPoyg+GOH3rYX++KpzrylJwSW98t3Nk+U8XOl8FWKOgwtzdb8lXGf6zYwDUzeHMWfxasyg==",
      "bin": {
        "json5": "lib/cli.js"
      },
      "engines": {
        "node": ">=6"
      }
    },
    "node_modules/wol": {
      "version": "1.0.7",
      "resolved": "https://registry.npmjs.org/wol/-/wol-1.0.7.tgz",
      "integrity": "sha512-kg7ETY8g3V5+3GVhUfWCVjeXuCmfrX6xfw4cw4c88+MtoxkbFmcs9Y5yhT1wwOL8inogFUQZ8JMzH9OekaaawQ==",
      "bin": {
        "wake": "bin/wake"
      }
    }
  }
}
